// !$*UTF8*$!
{
	archiveVersion = 1;
	classes = {
	};
	objectVersion = 46;
	objects = {

/* Begin PBXBuildFile section */
		69E51CB71A9E4BAA006DE4FC /* ExamplePlugin.cpp in Sources */ = {isa = PBXBuildFile; fileRef = 69E51CB61A9E4BAA006DE4FC /* ExamplePlugin.cpp */; };
/* End PBXBuildFile section */

/* Begin PBXFileReference section */
		69E51CAC1A9E4B8B006DE4FC /* ExamplePlugin.bundle */ = {isa = PBXFileReference; explicitFileType = wrapper.cfbundle; includeInIndex = 0; path = ExamplePlugin.bundle; sourceTree = BUILT_PRODUCTS_DIR; };
		69E51CB01A9E4B8B006DE4FC /* Info.plist */ = {isa = PBXFileReference; lastKnownFileType = text.plist.xml; path = Info.plist; sourceTree = "<group>"; };
		69E51CB61A9E4BAA006DE4FC /* ExamplePlugin.cpp */ = {isa = PBXFileReference; fileEncoding = 4; lastKnownFileType = sourcecode.cpp.cpp; path = ExamplePlugin.cpp; sourceTree = "<group>"; };
/* End PBXFileReference section */

/* Begin PBXFrameworksBuildPhase section */
		69E51CA91A9E4B8B006DE4FC /* Frameworks */ = {
			isa = PBXFrameworksBuildPhase;
			buildActionMask = 2147483647;
			files = (
			);
			runOnlyForDeploymentPostprocessing = 0;
		};
/* End PBXFrameworksBuildPhase section */

/* Begin PBXGroup section */
		69E51CA31A9E4B8B006DE4FC = {
			isa = PBXGroup;
			children = (
				69E51CAE1A9E4B8B006DE4FC /* ExamplePlugin */,
				69E51CAD1A9E4B8B006DE4FC /* Products */,
			);
			sourceTree = "<group>";
		};
		69E51CAD1A9E4B8B006DE4FC /* Products */ = {
			isa = PBXGroup;
			children = (
				69E51CAC1A9E4B8B006DE4FC /* ExamplePlugin.bundle */,
			);
			name = Products;
			sourceTree = "<group>";
		};
		69E51CAE1A9E4B8B006DE4FC /* ExamplePlugin */ = {
			isa = PBXGroup;
			children = (
				69E51CB61A9E4BAA006DE4FC /* ExamplePlugin.cpp */,
				69E51CAF1A9E4B8B006DE4FC /* Supporting Files */,
			);
			path = ExamplePlugin;
			sourceTree = "<group>";
		};
		69E51CAF1A9E4B8B006DE4FC /* Supporting Files */ = {
			isa = PBXGroup;
			children = (
				69E51CB01A9E4B8B006DE4FC /* Info.plist */,
			);
			name = "Supporting Files";
			sourceTree = "<group>";
		};
/* End PBXGroup section */

/* Begin PBXNativeTarget section */
		69E51CAB1A9E4B8B006DE4FC /* ExamplePlugin */ = {
			isa = PBXNativeTarget;
			buildConfigurationList = 69E51CB31A9E4B8B006DE4FC /* Build configuration list for PBXNativeTarget "ExamplePlugin" */;
			buildPhases = (
				69E51CA81A9E4B8B006DE4FC /* Sources */,
				69E51CA91A9E4B8B006DE4FC /* Frameworks */,
				69E51CAA1A9E4B8B006DE4FC /* Resources */,
				69E51CBB1A9E4DC4006DE4FC /* ShellScript */,
			);
			buildRules = (
			);
			dependencies = (
			);
			name = ExamplePlugin;
			productName = ExamplePlugin;
			productReference = 69E51CAC1A9E4B8B006DE4FC /* ExamplePlugin.bundle */;
			productType = "com.apple.product-type.bundle";
		};
/* End PBXNativeTarget section */

/* Begin PBXProject section */
		69E51CA41A9E4B8B006DE4FC /* Project object */ = {
			isa = PBXProject;
			attributes = {
				LastUpgradeCheck = 0610;
				ORGANIZATIONNAME = "Tom Ward";
				TargetAttributes = {
					69E51CAB1A9E4B8B006DE4FC = {
						CreatedOnToolsVersion = 6.1.1;
					};
				};
			};
			buildConfigurationList = 69E51CA71A9E4B8B006DE4FC /* Build configuration list for PBXProject "ExamplePlugin" */;
			compatibilityVersion = "Xcode 3.2";
			developmentRegion = English;
			hasScannedForEncodings = 0;
			knownRegions = (
				en,
			);
			mainGroup = 69E51CA31A9E4B8B006DE4FC;
			productRefGroup = 69E51CAD1A9E4B8B006DE4FC /* Products */;
			projectDirPath = "";
			projectRoot = "";
			targets = (
				69E51CAB1A9E4B8B006DE4FC /* ExamplePlugin */,
			);
		};
/* End PBXProject section */

/* Begin PBXResourcesBuildPhase section */
		69E51CAA1A9E4B8B006DE4FC /* Resources */ = {
			isa = PBXResourcesBuildPhase;
			buildActionMask = 2147483647;
			files = (
			);
			runOnlyForDeploymentPostprocessing = 0;
		};
/* End PBXResourcesBuildPhase section */

/* Begin PBXShellScriptBuildPhase section */
		69E51CBB1A9E4DC4006DE4FC /* ShellScript */ = {
			isa = PBXShellScriptBuildPhase;
			buildActionMask = 2147483647;
			files = (
			);
			inputPaths = (
			);
			outputPaths = (
			);
			runOnlyForDeploymentPostprocessing = 0;
			shellPath = /bin/sh;
			shellScript = "cp $CONFIGURATION_BUILD_DIR/ExamplePlugin.bundle/Contents/MacOS/ExamplePlugin ~/.nuke/ExamplePlugin.dylib";
		};
/* End PBXShellScriptBuildPhase section */

/* Begin PBXSourcesBuildPhase section */
		69E51CA81A9E4B8B006DE4FC /* Sources */ = {
			isa = PBXSourcesBuildPhase;
			buildActionMask = 2147483647;
			files = (
				69E51CB71A9E4BAA006DE4FC /* ExamplePlugin.cpp in Sources */,
			);
			runOnlyForDeploymentPostprocessing = 0;
		};
/* End PBXSourcesBuildPhase section */

/* Begin XCBuildConfiguration section */
		69E51CB11A9E4B8B006DE4FC /* Debug */ = {
			isa = XCBuildConfiguration;
			buildSettings = {
				ALWAYS_SEARCH_USER_PATHS = NO;
				CLANG_CXX_LANGUAGE_STANDARD = "gnu++0x";
				CLANG_CXX_LIBRARY = "libstdc++";
				CLANG_ENABLE_MODULES = YES;
				CLANG_ENABLE_OBJC_ARC = YES;
				CLANG_WARN_BOOL_CONVERSION = YES;
				CLANG_WARN_CONSTANT_CONVERSION = YES;
				CLANG_WARN_DIRECT_OBJC_ISA_USAGE = YES_ERROR;
				CLANG_WARN_EMPTY_BODY = YES;
				CLANG_WARN_ENUM_CONVERSION = YES;
				CLANG_WARN_INT_CONVERSION = YES;
				CLANG_WARN_OBJC_ROOT_CLASS = YES_ERROR;
				CLANG_WARN_UNREACHABLE_CODE = YES;
				CLANG_WARN__DUPLICATE_METHOD_MATCH = YES;
				COPY_PHASE_STRIP = NO;
				ENABLE_STRICT_OBJC_MSGSEND = YES;
				GCC_C_LANGUAGE_STANDARD = gnu99;
				GCC_DYNAMIC_NO_PIC = NO;
				GCC_OPTIMIZATION_LEVEL = 0;
				GCC_PREPROCESSOR_DEFINITIONS = (
					"DEBUG=1",
					"$(inherited)",
				);
				GCC_SYMBOLS_PRIVATE_EXTERN = NO;
				GCC_WARN_64_TO_32_BIT_CONVERSION = YES;
				GCC_WARN_ABOUT_RETURN_TYPE = YES_ERROR;
				GCC_WARN_UNDECLARED_SELECTOR = YES;
				GCC_WARN_UNINITIALIZED_AUTOS = YES_AGGRESSIVE;
				GCC_WARN_UNUSED_FUNCTION = YES;
				GCC_WARN_UNUSED_VARIABLE = YES;
				HEADER_SEARCH_PATHS = (
					"$(inherited)",
					/Applications/Xcode.app/Contents/Developer/Toolchains/XcodeDefault.xctoolchain/usr/include,
					"$(NUKE_APPLICATION_FOLDER)/include",
				);
				LIBRARY_SEARCH_PATHS = "$(NUKE_APPLICATION_FOLDER)";
				MACOSX_DEPLOYMENT_TARGET = 10.6;
				MTL_ENABLE_DEBUG_INFO = YES;
				NUKE_APPLICATION_FOLDER = /Applications/Nuke9.0v4/Nuke9.0v4.app/Contents/MacOS;
				ONLY_ACTIVE_ARCH = YES;
				OTHER_LDFLAGS = (
					"-lGLEW",
					"-lDDImage",
				);
				SDKROOT = macosx;
			};
			name = Debug;
		};
		69E51CB21A9E4B8B006DE4FC /* Release */ = {
			isa = XCBuildConfiguration;
			buildSettings = {
				ALWAYS_SEARCH_USER_PATHS = NO;
				CLANG_CXX_LANGUAGE_STANDARD = "gnu++0x";
				CLANG_CXX_LIBRARY = "libstdc++";
				CLANG_ENABLE_MODULES = YES;
				CLANG_ENABLE_OBJC_ARC = YES;
				CLANG_WARN_BOOL_CONVERSION = YES;
				CLANG_WARN_CONSTANT_CONVERSION = YES;
				CLANG_WARN_DIRECT_OBJC_ISA_USAGE = YES_ERROR;
				CLANG_WARN_EMPTY_BODY = YES;
				CLANG_WARN_ENUM_CONVERSION = YES;
				CLANG_WARN_INT_CONVERSION = YES;
				CLANG_WARN_OBJC_ROOT_CLASS = YES_ERROR;
				CLANG_WARN_UNREACHABLE_CODE = YES;
				CLANG_WARN__DUPLICATE_METHOD_MATCH = YES;
				COPY_PHASE_STRIP = YES;
				DEBUG_INFORMATION_FORMAT = "dwarf-with-dsym";
				ENABLE_NS_ASSERTIONS = NO;
				ENABLE_STRICT_OBJC_MSGSEND = YES;
				GCC_C_LANGUAGE_STANDARD = gnu99;
				GCC_WARN_64_TO_32_BIT_CONVERSION = YES;
				GCC_WARN_ABOUT_RETURN_TYPE = YES_ERROR;
				GCC_WARN_UNDECLARED_SELECTOR = YES;
				GCC_WARN_UNINITIALIZED_AUTOS = YES_AGGRESSIVE;
				GCC_WARN_UNUSED_FUNCTION = YES;
				GCC_WARN_UNUSED_VARIABLE = YES;
				HEADER_SEARCH_PATHS = (
					"$(inherited)",
					/Applications/Xcode.app/Contents/Developer/Toolchains/XcodeDefault.xctoolchain/usr/include,
					"$(NUKE_APPLICATION_FOLDER)/include",
				);
				LIBRARY_SEARCH_PATHS = "$(NUKE_APPLICATION_FOLDER)";
				MACOSX_DEPLOYMENT_TARGET = 10.6;
				MTL_ENABLE_DEBUG_INFO = NO;
				NUKE_APPLICATION_FOLDER = /Applications/Nuke9.0v4/Nuke9.0v4.app/Contents/MacOS;
				OTHER_LDFLAGS = (
					"-lGLEW",
					"-lDDImage",
				);
				SDKROOT = macosx;
			};
			name = Release;
		};
		69E51CB41A9E4B8B006DE4FC /* Debug */ = {
			isa = XCBuildConfiguration;
			buildSettings = {
				COMBINE_HIDPI_IMAGES = YES;
				INFOPLIST_FILE = ExamplePlugin/Info.plist;
				INSTALL_PATH = "$(LOCAL_LIBRARY_DIR)/Bundles";
				PRODUCT_NAME = "$(TARGET_NAME)";
				SKIP_INSTALL = YES;
				VALID_ARCHS = x86_64;
				WRAPPER_EXTENSION = bundle;
			};
			name = Debug;
		};
		69E51CB51A9E4B8B006DE4FC /* Release */ = {
			isa = XCBuildConfiguration;
			buildSettings = {
				COMBINE_HIDPI_IMAGES = YES;
				INFOPLIST_FILE = ExamplePlugin/Info.plist;
				INSTALL_PATH = "$(LOCAL_LIBRARY_DIR)/Bundles";
				PRODUCT_NAME = "$(TARGET_NAME)";
				SKIP_INSTALL = YES;
				VALID_ARCHS = x86_64;
				WRAPPER_EXTENSION = bundle;
			};
			name = Release;
		};
/* End XCBuildConfiguration section */

/* Begin XCConfigurationList section */
		69E51CA71A9E4B8B006DE4FC /* Build configuration list for PBXProject "ExamplePlugin" */ = {
			isa = XCConfigurationList;
			buildConfigurations = (
				69E51CB11A9E4B8B006DE4FC /* Debug */,
				69E51CB21A9E4B8B006DE4FC /* Release */,
			);
			defaultConfigurationIsVisible = 0;
			defaultConfigurationName = Release;
		};
		69E51CB31A9E4B8B006DE4FC /* Build configuration list for PBXNativeTarget "ExamplePlugin" */ = {
			isa = XCConfigurationList;
			buildConfigurations = (
				69E51CB41A9E4B8B006DE4FC /* Debug */,
				69E51CB51A9E4B8B006DE4FC /* Release */,
			);
			defaultConfigurationIsVisible = 0;
		};
/* End XCConfigurationList section */
	};
	rootObject = 69E51CA41A9E4B8B006DE4FC /* Project object */;
}
